
Microsoft Visual Studio Solution File, Format Version 12.00
# Visual Studio Version 16
VisualStudioVersion = 16.0.29728.190
MinimumVisualStudioVersion = 10.0.40219.1
Project("{FAE04EC0-301F-11D3-BF4B-00C04F79EFBC}") = "FirstNetCoreWebApplication", "FirstNetCoreWebApplication\FirstNetCoreWebApplication.csproj", "{5A669265-B0FD-40CB-8187-05C9D106FBF6}"
EndProject
Global
	GlobalSection(SolutionConfigurationPlatforms) = preSolution
		Debug|Any CPU = Debug|Any CPU
		Release|Any CPU = Release|Any CPU
	EndGlobalSection
	GlobalSection(ProjectConfigurationPlatforms) = postSolution
		{5A669265-B0FD-40CB-8187-05C9D106FBF6}.Debug|Any CPU.ActiveCfg = Debug|Any CPU
		{5A669265-B0FD-40CB-8187-05C9D106FBF6}.Debug|Any CPU.Build.0 = Debug|Any CPU
		{5A669265-B0FD-40CB-8187-05C9D106FBF6}.Release|Any CPU.ActiveCfg = Release|Any CPU
		{5A669265-B0FD-40CB-8187-05C9D106FBF6}.Release|Any CPU.Build.0 = Release|Any CPU
	EndGlobalSection
	GlobalSection(SolutionProperties) = preSolution
		HideSolutionNode = FALSE
	EndGlobalSection
	GlobalSection(ExtensibilityGlobals) = postSolution
		SolutionGuid = {E135AE5E-8572-42E1-8C97-154F7EE39ACB}
	EndGlobalSection
EndGlobal
